
Microsoft Visual Studio Solution File, Format Version 12.00
# Visual Studio Version 16
VisualStudioVersion = 16.0.31005.135
MinimumVisualStudioVersion = 10.0.40219.1
Project("{9A19103F-16F7-4668-BE54-9A1E7A4F7556}") = "FormActions.Web", "FormActions\FormActions.Web.csproj", "{E7120A3B-8DBA-4C7B-92E7-22A18B85051D}"
EndProject
Project("{9A19103F-16F7-4668-BE54-9A1E7A4F7556}") = "FormActions.Domain", "FormActions.Domain\FormActions.Domain.csproj", "{CBDEDD82-6A30-4261-BDFE-FD79C548F6B1}"
EndProject
Project("{9A19103F-16F7-4668-BE54-9A1E7A4F7556}") = "FormActions.Structures", "FormActions.Structures\FormActions.Structures.csproj", "{BE738FAD-9C54-4705-B11E-52929F14E48B}"
EndProject
Project("{FAE04EC0-301F-11D3-BF4B-00C04F79EFBC}") = "FormActions.Data", "FormActions.Data\FormActions.Data.csproj", "{472160AE-A167-472A-BFB5-9353569BE5F7}"
EndProject
Project("{FAE04EC0-301F-11D3-BF4B-00C04F79EFBC}") = "FormActions.Services", "FormActions.Services\FormActions.Services.csproj", "{8C1D9B70-39B4-41B0-BDD9-B6A9DF5FDB18}"
EndProject
Project("{FAE04EC0-301F-11D3-BF4B-00C04F79EFBC}") = "FormActions.UnitTests", "FormActions.UnitTests\FormActions.UnitTests.csproj", "{C734691B-2770-40FA-9514-782236B4D9A5}"
EndProject
Global
	GlobalSection(SolutionConfigurationPlatforms) = preSolution
		Debug|Any CPU = Debug|Any CPU
		Release|Any CPU = Release|Any CPU
	EndGlobalSection
	GlobalSection(ProjectConfigurationPlatforms) = postSolution
		{E7120A3B-8DBA-4C7B-92E7-22A18B85051D}.Debug|Any CPU.ActiveCfg = Debug|Any CPU
		{E7120A3B-8DBA-4C7B-92E7-22A18B85051D}.Debug|Any CPU.Build.0 = Debug|Any CPU
		{E7120A3B-8DBA-4C7B-92E7-22A18B85051D}.Release|Any CPU.ActiveCfg = Release|Any CPU
		{E7120A3B-8DBA-4C7B-92E7-22A18B85051D}.Release|Any CPU.Build.0 = Release|Any CPU
		{CBDEDD82-6A30-4261-BDFE-FD79C548F6B1}.Debug|Any CPU.ActiveCfg = Debug|Any CPU
		{CBDEDD82-6A30-4261-BDFE-FD79C548F6B1}.Debug|Any CPU.Build.0 = Debug|Any CPU
		{CBDEDD82-6A30-4261-BDFE-FD79C548F6B1}.Release|Any CPU.ActiveCfg = Release|Any CPU
		{CBDEDD82-6A30-4261-BDFE-FD79C548F6B1}.Release|Any CPU.Build.0 = Release|Any CPU
		{BE738FAD-9C54-4705-B11E-52929F14E48B}.Debug|Any CPU.ActiveCfg = Debug|Any CPU
		{BE738FAD-9C54-4705-B11E-52929F14E48B}.Debug|Any CPU.Build.0 = Debug|Any CPU
		{BE738FAD-9C54-4705-B11E-52929F14E48B}.Release|Any CPU.ActiveCfg = Release|Any CPU
		{BE738FAD-9C54-4705-B11E-52929F14E48B}.Release|Any CPU.Build.0 = Release|Any CPU
		{472160AE-A167-472A-BFB5-9353569BE5F7}.Debug|Any CPU.ActiveCfg = Debug|Any CPU
		{472160AE-A167-472A-BFB5-9353569BE5F7}.Debug|Any CPU.Build.0 = Debug|Any CPU
		{472160AE-A167-472A-BFB5-9353569BE5F7}.Release|Any CPU.ActiveCfg = Release|Any CPU
		{472160AE-A167-472A-BFB5-9353569BE5F7}.Release|Any CPU.Build.0 = Release|Any CPU
		{8C1D9B70-39B4-41B0-BDD9-B6A9DF5FDB18}.Debug|Any CPU.ActiveCfg = Debug|Any CPU
		{8C1D9B70-39B4-41B0-BDD9-B6A9DF5FDB18}.Debug|Any CPU.Build.0 = Debug|Any CPU
		{8C1D9B70-39B4-41B0-BDD9-B6A9DF5FDB18}.Release|Any CPU.ActiveCfg = Release|Any CPU
		{8C1D9B70-39B4-41B0-BDD9-B6A9DF5FDB18}.Release|Any CPU.Build.0 = Release|Any CPU
		{C734691B-2770-40FA-9514-782236B4D9A5}.Debug|Any CPU.ActiveCfg = Debug|Any CPU
		{C734691B-2770-40FA-9514-782236B4D9A5}.Debug|Any CPU.Build.0 = Debug|Any CPU
		{C734691B-2770-40FA-9514-782236B4D9A5}.Release|Any CPU.ActiveCfg = Release|Any CPU
		{C734691B-2770-40FA-9514-782236B4D9A5}.Release|Any CPU.Build.0 = Release|Any CPU
	EndGlobalSection
	GlobalSection(SolutionProperties) = preSolution
		HideSolutionNode = FALSE
	EndGlobalSection
	GlobalSection(ExtensibilityGlobals) = postSolution
		SolutionGuid = {4B7304FC-6215-49F5-886F-F662BAE4C4E2}
	EndGlobalSection
EndGlobal
